
Microsoft Visual Studio Solution File, Format Version 12.00
# Visual Studio Version 17
VisualStudioVersion = 17.9.34723.18
MinimumVisualStudioVersion = 10.0.40219.1
Project("{FAE04EC0-301F-11D3-BF4B-00C04F79EFBC}") = "WebApplication1", "..\WebApplication1\WebApplication1.csproj", "{9ABE2C2F-C277-4B1E-AD66-7214D10C83E9}"
EndProject
Project("{FAE04EC0-301F-11D3-BF4B-00C04F79EFBC}") = "Matthew", "..\Matthew\Matthew.csproj", "{91DBB4C4-7E33-405D-ACB5-C989E8554666}"
EndProject
Global
	GlobalSection(SolutionConfigurationPlatforms) = preSolution
		Debug|Any CPU = Debug|Any CPU
		Release|Any CPU = Release|Any CPU
	EndGlobalSection
	GlobalSection(ProjectConfigurationPlatforms) = postSolution
		{9ABE2C2F-C277-4B1E-AD66-7214D10C83E9}.Debug|Any CPU.ActiveCfg = Debug|Any CPU
		{9ABE2C2F-C277-4B1E-AD66-7214D10C83E9}.Debug|Any CPU.Build.0 = Debug|Any CPU
		{9ABE2C2F-C277-4B1E-AD66-7214D10C83E9}.Release|Any CPU.ActiveCfg = Release|Any CPU
		{9ABE2C2F-C277-4B1E-AD66-7214D10C83E9}.Release|Any CPU.Build.0 = Release|Any CPU
		{91DBB4C4-7E33-405D-ACB5-C989E8554666}.Debug|Any CPU.ActiveCfg = Debug|Any CPU
		{91DBB4C4-7E33-405D-ACB5-C989E8554666}.Debug|Any CPU.Build.0 = Debug|Any CPU
		{91DBB4C4-7E33-405D-ACB5-C989E8554666}.Release|Any CPU.ActiveCfg = Release|Any CPU
		{91DBB4C4-7E33-405D-ACB5-C989E8554666}.Release|Any CPU.Build.0 = Release|Any CPU
	EndGlobalSection
	GlobalSection(SolutionProperties) = preSolution
		HideSolutionNode = FALSE
	EndGlobalSection
	GlobalSection(ExtensibilityGlobals) = postSolution
		SolutionGuid = {C1843BB3-0BE7-446D-87BC-E008928E4C42}
	EndGlobalSection
EndGlobal
